// !$*UTF8*$!
{
	archiveVersion = 1;
	classes = {
	};
	objectVersion = 46;
	objects = {

/* Begin PBXFileReference section */
		E4B4BAEE1E62636300D181FF /* sampleRCJTutorial_webhook.py */ = {isa = PBXFileReference; lastKnownFileType = text.script.python; path = sampleRCJTutorial_webhook.py; sourceTree = "<group>"; };
/* End PBXFileReference section */

/* Begin PBXGroup section */
		E4B4BAE71E62633B00D181FF = {
			isa = PBXGroup;
			children = (
				E4B4BAEE1E62636300D181FF /* sampleRCJTutorial_webhook.py */,
			);
			sourceTree = "<group>";
		};
/* End PBXGroup section */

/* Begin PBXProject section */
		E4B4BAE81E62633B00D181FF /* Project object */ = {
			isa = PBXProject;
			attributes = {
				LastUpgradeCheck = 0820;
			};
			buildConfigurationList = E4B4BAEB1E62633B00D181FF /* Build configuration list for PBXProject "sampleRCJTutorial" */;
			compatibilityVersion = "Xcode 3.2";
			developmentRegion = English;
			hasScannedForEncodings = 0;
			knownRegions = (
				en,
			);
			mainGroup = E4B4BAE71E62633B00D181FF;
			projectDirPath = "";
			projectRoot = "";
			targets = (
			);
		};
/* End PBXProject section */

/* Begin XCBuildConfiguration section */
		E4B4BAEC1E62633B00D181FF /* Debug */ = {
			isa = XCBuildConfiguration;
			buildSettings = {
			};
			name = Debug;
		};
		E4B4BAED1E62633B00D181FF /* Release */ = {
			isa = XCBuildConfiguration;
			buildSettings = {
			};
			name = Release;
		};
/* End XCBuildConfiguration section */

/* Begin XCConfigurationList section */
		E4B4BAEB1E62633B00D181FF /* Build configuration list for PBXProject "sampleRCJTutorial" */ = {
			isa = XCConfigurationList;
			buildConfigurations = (
				E4B4BAEC1E62633B00D181FF /* Debug */,
				E4B4BAED1E62633B00D181FF /* Release */,
			);
			defaultConfigurationIsVisible = 0;
			defaultConfigurationName = Release;
		};
/* End XCConfigurationList section */
	};
	rootObject = E4B4BAE81E62633B00D181FF /* Project object */;
}
